<?xml version="1.0" encoding="UTF-8"?>
<CodeBlocks_project_file>
	<FileVersion major="1" minor="6"/>
	<Project>
		<Option title="brr"/>
		<Option makefile_is_custom="1"/>
		<Option compiler="gcc"/>
		<Option virtualFolders="CMake Files\;CMake Files\src\;CMake Files\tbb\;CMake Files\tbb\cmake\;CMake Files\tbb\cmake\templates\;"/>
		<Build>
			<Target title="all">
				<Option working_dir="/users/sojavee/BayesRRcmd_genSparse/BayesRRcmd/src"/>
				<Option type="4"/>
				<MakeCommands>
					<Build command="/software/bin/ninja-build -v all"/>
					<CompileFile command="/software/bin/ninja-build -v &quot;$file&quot;"/>
					<Clean command="/software/bin/ninja-build -v clean"/>
					<DistClean command="/software/bin/ninja-build -v clean"/>
				</MakeCommands>
			</Target>
			<Target title="libbrr-dev">
				<Option output="/users/sojavee/BayesRRcmd_genSparse/BayesRRcmd/src/liblibbrr-dev.a" prefix_auto="0" extension_auto="0"/>
				<Option working_dir="/users/sojavee/BayesRRcmd_genSparse/BayesRRcmd/src"/>
				<Option object_output="./"/>
				<Option type="2"/>
				<Option compiler="gcc"/>
				<Compiler>
					<Add directory="/users/sojavee/BayesRRcmd_genSparse/BayesRRcmd/src"/>
					<Add directory="/users/sojavee/BayesRRcmd_genSparse/BayesRRcmd/src/../eigen"/>
					<Add directory="/users/sojavee/BayesRRcmd_genSparse/BayesRRcmd/tbb/include"/>
					<Add directory="/software/Development/gcc/9.2.1/lib/gcc/x86_64-redhat-linux/9/../../../../include/c++/9"/>
					<Add directory="/software/Development/gcc/9.2.1/lib/gcc/x86_64-redhat-linux/9/../../../../include/c++/9/x86_64-redhat-linux"/>
					<Add directory="/software/Development/gcc/9.2.1/lib/gcc/x86_64-redhat-linux/9/../../../../include/c++/9/backward"/>
					<Add directory="/software/Development/gcc/9.2.1/lib/gcc/x86_64-redhat-linux/9/include"/>
					<Add directory="/usr/local/include"/>
					<Add directory="/software/Development/gcc/9.2.1/include"/>
					<Add directory="/software/include"/>
				</Compiler>
				<MakeCommands>
					<Build command="/software/bin/ninja-build -v libbrr-dev"/>
					<CompileFile command="/software/bin/ninja-build -v &quot;$file&quot;"/>
					<Clean command="/software/bin/ninja-build -v clean"/>
					<DistClean command="/software/bin/ninja-build -v clean"/>
				</MakeCommands>
			</Target>
			<Target title="libbrr-dev/fast">
				<Option output="/users/sojavee/BayesRRcmd_genSparse/BayesRRcmd/src/liblibbrr-dev.a" prefix_auto="0" extension_auto="0"/>
				<Option working_dir="/users/sojavee/BayesRRcmd_genSparse/BayesRRcmd/src"/>
				<Option object_output="./"/>
				<Option type="2"/>
				<Option compiler="gcc"/>
				<Compiler>
					<Add directory="/users/sojavee/BayesRRcmd_genSparse/BayesRRcmd/src"/>
					<Add directory="/users/sojavee/BayesRRcmd_genSparse/BayesRRcmd/src/../eigen"/>
					<Add directory="/users/sojavee/BayesRRcmd_genSparse/BayesRRcmd/tbb/include"/>
					<Add directory="/software/Development/gcc/9.2.1/lib/gcc/x86_64-redhat-linux/9/../../../../include/c++/9"/>
					<Add directory="/software/Development/gcc/9.2.1/lib/gcc/x86_64-redhat-linux/9/../../../../include/c++/9/x86_64-redhat-linux"/>
					<Add directory="/software/Development/gcc/9.2.1/lib/gcc/x86_64-redhat-linux/9/../../../../include/c++/9/backward"/>
					<Add directory="/software/Development/gcc/9.2.1/lib/gcc/x86_64-redhat-linux/9/include"/>
					<Add directory="/usr/local/include"/>
					<Add directory="/software/Development/gcc/9.2.1/include"/>
					<Add directory="/software/include"/>
				</Compiler>
				<MakeCommands>
					<Build command="/software/bin/ninja-build -v libbrr-dev/fast"/>
					<CompileFile command="/software/bin/ninja-build -v &quot;$file&quot;"/>
					<Clean command="/software/bin/ninja-build -v clean"/>
					<DistClean command="/software/bin/ninja-build -v clean"/>
				</MakeCommands>
			</Target>
			<Target title="brr">
				<Option output="/users/sojavee/BayesRRcmd_genSparse/BayesRRcmd/src/brr" prefix_auto="0" extension_auto="0"/>
				<Option working_dir="/users/sojavee/BayesRRcmd_genSparse/BayesRRcmd/src"/>
				<Option object_output="./"/>
				<Option type="1"/>
				<Option compiler="gcc"/>
				<Compiler>
					<Add directory="/users/sojavee/BayesRRcmd_genSparse/BayesRRcmd/src"/>
					<Add directory="/users/sojavee/BayesRRcmd_genSparse/BayesRRcmd/src/../eigen"/>
					<Add directory="/users/sojavee/BayesRRcmd_genSparse/BayesRRcmd/tbb/include"/>
					<Add directory="/software/Development/gcc/9.2.1/lib/gcc/x86_64-redhat-linux/9/../../../../include/c++/9"/>
					<Add directory="/software/Development/gcc/9.2.1/lib/gcc/x86_64-redhat-linux/9/../../../../include/c++/9/x86_64-redhat-linux"/>
					<Add directory="/software/Development/gcc/9.2.1/lib/gcc/x86_64-redhat-linux/9/../../../../include/c++/9/backward"/>
					<Add directory="/software/Development/gcc/9.2.1/lib/gcc/x86_64-redhat-linux/9/include"/>
					<Add directory="/usr/local/include"/>
					<Add directory="/software/Development/gcc/9.2.1/include"/>
					<Add directory="/software/include"/>
				</Compiler>
				<MakeCommands>
					<Build command="/software/bin/ninja-build -v brr"/>
					<CompileFile command="/software/bin/ninja-build -v &quot;$file&quot;"/>
					<Clean command="/software/bin/ninja-build -v clean"/>
					<DistClean command="/software/bin/ninja-build -v clean"/>
				</MakeCommands>
			</Target>
			<Target title="brr/fast">
				<Option output="/users/sojavee/BayesRRcmd_genSparse/BayesRRcmd/src/brr" prefix_auto="0" extension_auto="0"/>
				<Option working_dir="/users/sojavee/BayesRRcmd_genSparse/BayesRRcmd/src"/>
				<Option object_output="./"/>
				<Option type="1"/>
				<Option compiler="gcc"/>
				<Compiler>
					<Add directory="/users/sojavee/BayesRRcmd_genSparse/BayesRRcmd/src"/>
					<Add directory="/users/sojavee/BayesRRcmd_genSparse/BayesRRcmd/src/../eigen"/>
					<Add directory="/users/sojavee/BayesRRcmd_genSparse/BayesRRcmd/tbb/include"/>
					<Add directory="/software/Development/gcc/9.2.1/lib/gcc/x86_64-redhat-linux/9/../../../../include/c++/9"/>
					<Add directory="/software/Development/gcc/9.2.1/lib/gcc/x86_64-redhat-linux/9/../../../../include/c++/9/x86_64-redhat-linux"/>
					<Add directory="/software/Development/gcc/9.2.1/lib/gcc/x86_64-redhat-linux/9/../../../../include/c++/9/backward"/>
					<Add directory="/software/Development/gcc/9.2.1/lib/gcc/x86_64-redhat-linux/9/include"/>
					<Add directory="/usr/local/include"/>
					<Add directory="/software/Development/gcc/9.2.1/include"/>
					<Add directory="/software/include"/>
				</Compiler>
				<MakeCommands>
					<Build command="/software/bin/ninja-build -v brr/fast"/>
					<CompileFile command="/software/bin/ninja-build -v &quot;$file&quot;"/>
					<Clean command="/software/bin/ninja-build -v clean"/>
					<DistClean command="/software/bin/ninja-build -v clean"/>
				</MakeCommands>
			</Target>
		</Build>
		<Unit filename="/users/sojavee/BayesRRcmd_genSparse/BayesRRcmd/src/BayesRBase.cpp">
			<Option target="libbrr-dev"/>
			<Option target="brr"/>
		</Unit>
		<Unit filename="/users/sojavee/BayesRRcmd_genSparse/BayesRRcmd/src/BayesRBase.hpp">
			<Option target="libbrr-dev"/>
			<Option target="brr"/>
		</Unit>
		<Unit filename="/users/sojavee/BayesRRcmd_genSparse/BayesRRcmd/src/BayesRRm.cpp">
			<Option target="libbrr-dev"/>
			<Option target="brr"/>
		</Unit>
		<Unit filename="/users/sojavee/BayesRRcmd_genSparse/BayesRRcmd/src/BayesRRm.h">
			<Option target="libbrr-dev"/>
			<Option target="brr"/>
		</Unit>
		<Unit filename="/users/sojavee/BayesRRcmd_genSparse/BayesRRcmd/src/BayesW.cpp">
			<Option target="libbrr-dev"/>
			<Option target="brr"/>
		</Unit>
		<Unit filename="/users/sojavee/BayesRRcmd_genSparse/BayesRRcmd/src/BayesW.hpp">
			<Option target="libbrr-dev"/>
			<Option target="brr"/>
		</Unit>
		<Unit filename="/users/sojavee/BayesRRcmd_genSparse/BayesRRcmd/src/BayesW_arms.cpp">
			<Option target="libbrr-dev"/>
			<Option target="brr"/>
		</Unit>
		<Unit filename="/users/sojavee/BayesRRcmd_genSparse/BayesRRcmd/src/BayesW_arms.h">
			<Option target="libbrr-dev"/>
			<Option target="brr"/>
		</Unit>
		<Unit filename="/users/sojavee/BayesRRcmd_genSparse/BayesRRcmd/src/DenseBayesRRmz.cpp">
			<Option target="libbrr-dev"/>
			<Option target="brr"/>
		</Unit>
		<Unit filename="/users/sojavee/BayesRRcmd_genSparse/BayesRRcmd/src/DenseBayesRRmz.hpp">
			<Option target="libbrr-dev"/>
			<Option target="brr"/>
		</Unit>
		<Unit filename="/users/sojavee/BayesRRcmd_genSparse/BayesRRcmd/src/SparseBayesRRG.cpp">
			<Option target="libbrr-dev"/>
			<Option target="brr"/>
		</Unit>
		<Unit filename="/users/sojavee/BayesRRcmd_genSparse/BayesRRcmd/src/SparseBayesRRG.hpp">
			<Option target="libbrr-dev"/>
			<Option target="brr"/>
		</Unit>
		<Unit filename="/users/sojavee/BayesRRcmd_genSparse/BayesRRcmd/src/analysisgraph.cpp">
			<Option target="libbrr-dev"/>
			<Option target="brr"/>
		</Unit>
		<Unit filename="/users/sojavee/BayesRRcmd_genSparse/BayesRRcmd/src/analysisgraph.hpp">
			<Option target="libbrr-dev"/>
			<Option target="brr"/>
		</Unit>
		<Unit filename="/users/sojavee/BayesRRcmd_genSparse/BayesRRcmd/src/common.cpp">
			<Option target="libbrr-dev"/>
			<Option target="brr"/>
		</Unit>
		<Unit filename="/users/sojavee/BayesRRcmd_genSparse/BayesRRcmd/src/common.h">
			<Option target="libbrr-dev"/>
			<Option target="brr"/>
		</Unit>
		<Unit filename="/users/sojavee/BayesRRcmd_genSparse/BayesRRcmd/src/compression.cpp">
			<Option target="libbrr-dev"/>
			<Option target="brr"/>
		</Unit>
		<Unit filename="/users/sojavee/BayesRRcmd_genSparse/BayesRRcmd/src/compression.h">
			<Option target="libbrr-dev"/>
			<Option target="brr"/>
		</Unit>
		<Unit filename="/users/sojavee/BayesRRcmd_genSparse/BayesRRcmd/src/data.cpp">
			<Option target="libbrr-dev"/>
			<Option target="brr"/>
		</Unit>
		<Unit filename="/users/sojavee/BayesRRcmd_genSparse/BayesRRcmd/src/data.hpp">
			<Option target="libbrr-dev"/>
			<Option target="brr"/>
		</Unit>
		<Unit filename="/users/sojavee/BayesRRcmd_genSparse/BayesRRcmd/src/densemarker.cpp">
			<Option target="libbrr-dev"/>
			<Option target="brr"/>
		</Unit>
		<Unit filename="/users/sojavee/BayesRRcmd_genSparse/BayesRRcmd/src/densemarker.h">
			<Option target="libbrr-dev"/>
			<Option target="brr"/>
		</Unit>
		<Unit filename="/users/sojavee/BayesRRcmd_genSparse/BayesRRcmd/src/densemarkerbuilder.cpp">
			<Option target="libbrr-dev"/>
			<Option target="brr"/>
		</Unit>
		<Unit filename="/users/sojavee/BayesRRcmd_genSparse/BayesRRcmd/src/densemarkerbuilder.h">
			<Option target="libbrr-dev"/>
			<Option target="brr"/>
		</Unit>
		<Unit filename="/users/sojavee/BayesRRcmd_genSparse/BayesRRcmd/src/distributions_boost.cpp">
			<Option target="libbrr-dev"/>
			<Option target="brr"/>
		</Unit>
		<Unit filename="/users/sojavee/BayesRRcmd_genSparse/BayesRRcmd/src/distributions_boost.hpp">
			<Option target="libbrr-dev"/>
			<Option target="brr"/>
		</Unit>
		<Unit filename="/users/sojavee/BayesRRcmd_genSparse/BayesRRcmd/src/eigensparsemarker.cpp">
			<Option target="libbrr-dev"/>
			<Option target="brr"/>
		</Unit>
		<Unit filename="/users/sojavee/BayesRRcmd_genSparse/BayesRRcmd/src/eigensparsemarker.h">
			<Option target="libbrr-dev"/>
			<Option target="brr"/>
		</Unit>
		<Unit filename="/users/sojavee/BayesRRcmd_genSparse/BayesRRcmd/src/eigensparsemarkerbuilder.cpp">
			<Option target="libbrr-dev"/>
			<Option target="brr"/>
		</Unit>
		<Unit filename="/users/sojavee/BayesRRcmd_genSparse/BayesRRcmd/src/eigensparsemarkerbuilder.h">
			<Option target="libbrr-dev"/>
			<Option target="brr"/>
		</Unit>
		<Unit filename="/users/sojavee/BayesRRcmd_genSparse/BayesRRcmd/src/gadgets.cpp">
			<Option target="libbrr-dev"/>
			<Option target="brr"/>
		</Unit>
		<Unit filename="/users/sojavee/BayesRRcmd_genSparse/BayesRRcmd/src/gadgets.hpp">
			<Option target="libbrr-dev"/>
			<Option target="brr"/>
		</Unit>
		<Unit filename="/users/sojavee/BayesRRcmd_genSparse/BayesRRcmd/src/limitsequencegraph.cpp">
			<Option target="libbrr-dev"/>
			<Option target="brr"/>
		</Unit>
		<Unit filename="/users/sojavee/BayesRRcmd_genSparse/BayesRRcmd/src/limitsequencegraph.hpp">
			<Option target="libbrr-dev"/>
			<Option target="brr"/>
		</Unit>
		<Unit filename="/users/sojavee/BayesRRcmd_genSparse/BayesRRcmd/src/main.cpp">
			<Option target="brr"/>
		</Unit>
		<Unit filename="/users/sojavee/BayesRRcmd_genSparse/BayesRRcmd/src/marker.cpp">
			<Option target="libbrr-dev"/>
			<Option target="brr"/>
		</Unit>
		<Unit filename="/users/sojavee/BayesRRcmd_genSparse/BayesRRcmd/src/marker.h">
			<Option target="libbrr-dev"/>
			<Option target="brr"/>
		</Unit>
		<Unit filename="/users/sojavee/BayesRRcmd_genSparse/BayesRRcmd/src/markerbuilder.cpp">
			<Option target="libbrr-dev"/>
			<Option target="brr"/>
		</Unit>
		<Unit filename="/users/sojavee/BayesRRcmd_genSparse/BayesRRcmd/src/markerbuilder.h">
			<Option target="libbrr-dev"/>
			<Option target="brr"/>
		</Unit>
		<Unit filename="/users/sojavee/BayesRRcmd_genSparse/BayesRRcmd/src/options.cpp">
			<Option target="libbrr-dev"/>
			<Option target="brr"/>
		</Unit>
		<Unit filename="/users/sojavee/BayesRRcmd_genSparse/BayesRRcmd/src/options.hpp">
			<Option target="libbrr-dev"/>
			<Option target="brr"/>
		</Unit>
		<Unit filename="/users/sojavee/BayesRRcmd_genSparse/BayesRRcmd/src/parallelgraph.cpp">
			<Option target="libbrr-dev"/>
			<Option target="brr"/>
		</Unit>
		<Unit filename="/users/sojavee/BayesRRcmd_genSparse/BayesRRcmd/src/parallelgraph.h">
			<Option target="libbrr-dev"/>
			<Option target="brr"/>
		</Unit>
		<Unit filename="/users/sojavee/BayesRRcmd_genSparse/BayesRRcmd/src/preprocessgraph.cpp">
			<Option target="libbrr-dev"/>
			<Option target="brr"/>
		</Unit>
		<Unit filename="/users/sojavee/BayesRRcmd_genSparse/BayesRRcmd/src/preprocessgraph.h">
			<Option target="libbrr-dev"/>
			<Option target="brr"/>
		</Unit>
		<Unit filename="/users/sojavee/BayesRRcmd_genSparse/BayesRRcmd/src/raggedsparsemarker.cpp">
			<Option target="libbrr-dev"/>
			<Option target="brr"/>
		</Unit>
		<Unit filename="/users/sojavee/BayesRRcmd_genSparse/BayesRRcmd/src/raggedsparsemarker.h">
			<Option target="libbrr-dev"/>
			<Option target="brr"/>
		</Unit>
		<Unit filename="/users/sojavee/BayesRRcmd_genSparse/BayesRRcmd/src/raggedsparsemarkerbuilder.cpp">
			<Option target="libbrr-dev"/>
			<Option target="brr"/>
		</Unit>
		<Unit filename="/users/sojavee/BayesRRcmd_genSparse/BayesRRcmd/src/raggedsparsemarkerbuilder.h">
			<Option target="libbrr-dev"/>
			<Option target="brr"/>
		</Unit>
		<Unit filename="/users/sojavee/BayesRRcmd_genSparse/BayesRRcmd/src/samplewriter.cpp">
			<Option target="libbrr-dev"/>
			<Option target="brr"/>
		</Unit>
		<Unit filename="/users/sojavee/BayesRRcmd_genSparse/BayesRRcmd/src/samplewriter.h">
			<Option target="libbrr-dev"/>
			<Option target="brr"/>
		</Unit>
		<Unit filename="/users/sojavee/BayesRRcmd_genSparse/BayesRRcmd/src/sparsemarker.cpp">
			<Option target="libbrr-dev"/>
			<Option target="brr"/>
		</Unit>
		<Unit filename="/users/sojavee/BayesRRcmd_genSparse/BayesRRcmd/src/sparsemarker.h">
			<Option target="libbrr-dev"/>
			<Option target="brr"/>
		</Unit>
		<Unit filename="/users/sojavee/BayesRRcmd_genSparse/BayesRRcmd/CMakeLists.txt">
			<Option virtualFolder="CMake Files\"/>
		</Unit>
		<Unit filename="/users/sojavee/BayesRRcmd_genSparse/BayesRRcmd/src/CMakeLists.txt">
			<Option virtualFolder="CMake Files\src\"/>
		</Unit>
		<Unit filename="/users/sojavee/BayesRRcmd_genSparse/BayesRRcmd/tbb/cmake/TBBBuild.cmake">
			<Option virtualFolder="CMake Files\tbb\cmake\"/>
		</Unit>
		<Unit filename="/users/sojavee/BayesRRcmd_genSparse/BayesRRcmd/tbb/cmake/TBBConfig.cmake">
			<Option virtualFolder="CMake Files\tbb\cmake\"/>
		</Unit>
		<Unit filename="/users/sojavee/BayesRRcmd_genSparse/BayesRRcmd/tbb/cmake/TBBConfigVersion.cmake">
			<Option virtualFolder="CMake Files\tbb\cmake\"/>
		</Unit>
		<Unit filename="/users/sojavee/BayesRRcmd_genSparse/BayesRRcmd/tbb/cmake/TBBMakeConfig.cmake">
			<Option virtualFolder="CMake Files\tbb\cmake\"/>
		</Unit>
		<Unit filename="/users/sojavee/BayesRRcmd_genSparse/BayesRRcmd/tbb/cmake/templates/TBBConfigForSource.cmake.in">
			<Option virtualFolder="CMake Files\tbb\cmake\templates\"/>
		</Unit>
		<Unit filename="/users/sojavee/BayesRRcmd_genSparse/BayesRRcmd/tbb/cmake/templates/TBBConfigVersion.cmake.in">
			<Option virtualFolder="CMake Files\tbb\cmake\templates\"/>
		</Unit>
	</Project>
</CodeBlocks_project_file>
